// !$*UTF8*$!
{
	archiveVersion = 1;
	classes = {
	};
	objectVersion = 52;
	objects = {

/* Begin PBXBuildFile section */
		830F714F26946CDC00D84D67 /* RecipeDescriptionCell.swift in Sources */ = {isa = PBXBuildFile; fileRef = 830F714D26946CDC00D84D67 /* RecipeDescriptionCell.swift */; };
		830F715026946CDC00D84D67 /* RecipeDescriptionCell.xib in Resources */ = {isa = PBXBuildFile; fileRef = 830F714E26946CDC00D84D67 /* RecipeDescriptionCell.xib */; };
		830F715326947F7800D84D67 /* RecipeIngredientsCell.swift in Sources */ = {isa = PBXBuildFile; fileRef = 830F715126947F7800D84D67 /* RecipeIngredientsCell.swift */; };
		830F715426947F7800D84D67 /* RecipeIngredientsCell.xib in Resources */ = {isa = PBXBuildFile; fileRef = 830F715226947F7800D84D67 /* RecipeIngredientsCell.xib */; };
		830F7157269484B200D84D67 /* RecipeInstructionsCell.swift in Sources */ = {isa = PBXBuildFile; fileRef = 830F7155269484B200D84D67 /* RecipeInstructionsCell.swift */; };
		830F7158269484B200D84D67 /* RecipeInstructionsCell.xib in Resources */ = {isa = PBXBuildFile; fileRef = 830F7156269484B200D84D67 /* RecipeInstructionsCell.xib */; };
		831A7D152691C84600B8DF6E /* NetworkProcessor.swift in Sources */ = {isa = PBXBuildFile; fileRef = 831A7D142691C84600B8DF6E /* NetworkProcessor.swift */; };
		8328DFC826944A62002D23C1 /* RecipeDetail.storyboard in Resources */ = {isa = PBXBuildFile; fileRef = 8328DFC726944A62002D23C1 /* RecipeDetail.storyboard */; };
		8328DFCB26944AA5002D23C1 /* RecipeDetailViewController.swift in Sources */ = {isa = PBXBuildFile; fileRef = 8328DFCA26944AA5002D23C1 /* RecipeDetailViewController.swift */; };
		832A83D72691A18900904C09 /* NewRecipe.storyboard in Resources */ = {isa = PBXBuildFile; fileRef = 832A83D52691A18900904C09 /* NewRecipe.storyboard */; };
		832A83DA2691A37D00904C09 /* NewRecipeTableViewController.swift in Sources */ = {isa = PBXBuildFile; fileRef = 832A83D92691A37D00904C09 /* NewRecipeTableViewController.swift */; };
		832A83DC2691AF5400904C09 /* Recipe.swift in Sources */ = {isa = PBXBuildFile; fileRef = 832A83DB2691AF5400904C09 /* Recipe.swift */; };
		83343908269C1BED00E6F718 /* tasty@2x.png in Resources */ = {isa = PBXBuildFile; fileRef = 83343907269C1BED00E6F718 /* tasty@2x.png */; };
		8334390A269C1BF400E6F718 /* tasty@3x.png in Resources */ = {isa = PBXBuildFile; fileRef = 83343909269C1BF400E6F718 /* tasty@3x.png */; };
		8334390C269C21AF00E6F718 /* AppIconSerice.swift in Sources */ = {isa = PBXBuildFile; fileRef = 8334390B269C21AF00E6F718 /* AppIconSerice.swift */; };
		8334390F269C2D6A00E6F718 /* CategoryCell.swift in Sources */ = {isa = PBXBuildFile; fileRef = 8334390D269C2D6A00E6F718 /* CategoryCell.swift */; };
		83343910269C2D6A00E6F718 /* CategoryCell.xib in Resources */ = {isa = PBXBuildFile; fileRef = 8334390E269C2D6A00E6F718 /* CategoryCell.xib */; };
		834B43DC268B34C50080B4A7 /* AppDelegate.swift in Sources */ = {isa = PBXBuildFile; fileRef = 834B43DB268B34C50080B4A7 /* AppDelegate.swift */; };
		834B43DE268B34C50080B4A7 /* SceneDelegate.swift in Sources */ = {isa = PBXBuildFile; fileRef = 834B43DD268B34C50080B4A7 /* SceneDelegate.swift */; };
		834B43E3268B34C50080B4A7 /* Main.storyboard in Resources */ = {isa = PBXBuildFile; fileRef = 834B43E1268B34C50080B4A7 /* Main.storyboard */; };
		834B43E8268B34C60080B4A7 /* LaunchScreen.storyboard in Resources */ = {isa = PBXBuildFile; fileRef = 834B43E6268B34C60080B4A7 /* LaunchScreen.storyboard */; };
		834B43F1268B3D830080B4A7 /* CustomColor.swift in Sources */ = {isa = PBXBuildFile; fileRef = 834B43F0268B3D830080B4A7 /* CustomColor.swift */; };
		834B43F4268B44560080B4A7 /* LoginSignUpViewController.swift in Sources */ = {isa = PBXBuildFile; fileRef = 834B43F3268B44560080B4A7 /* LoginSignUpViewController.swift */; };
		834B43F6268B54F30080B4A7 /* CustomButton.swift in Sources */ = {isa = PBXBuildFile; fileRef = 834B43F5268B54F30080B4A7 /* CustomButton.swift */; };
		834B43F8268B5A2D0080B4A7 /* CustomLabel.swift in Sources */ = {isa = PBXBuildFile; fileRef = 834B43F7268B5A2D0080B4A7 /* CustomLabel.swift */; };
		834C5550269AD46C003361C3 /* FirebaseAnalytics in Frameworks */ = {isa = PBXBuildFile; productRef = 834C554F269AD46C003361C3 /* FirebaseAnalytics */; };
		834C5552269AD46C003361C3 /* FirebaseStorage in Frameworks */ = {isa = PBXBuildFile; productRef = 834C5551269AD46C003361C3 /* FirebaseStorage */; };
		834C5554269AD46C003361C3 /* FirebaseAuth in Frameworks */ = {isa = PBXBuildFile; productRef = 834C5553269AD46C003361C3 /* FirebaseAuth */; };
		834C5556269AD46C003361C3 /* FirebaseFirestore in Frameworks */ = {isa = PBXBuildFile; productRef = 834C5555269AD46C003361C3 /* FirebaseFirestore */; };
		834C5558269AD46C003361C3 /* FirebaseDatabase in Frameworks */ = {isa = PBXBuildFile; productRef = 834C5557269AD46C003361C3 /* FirebaseDatabase */; };
		8354F9B7268F21D5007C8AA7 /* GoogleService-Info.plist in Resources */ = {isa = PBXBuildFile; fileRef = 8354F9B6268F21D5007C8AA7 /* GoogleService-Info.plist */; };
		83688E4C2695E93A0054D543 /* Manager.swift in Sources */ = {isa = PBXBuildFile; fileRef = 83688E4B2695E93A0054D543 /* Manager.swift */; };
		83688E50269618B20054D543 /* Category.storyboard in Resources */ = {isa = PBXBuildFile; fileRef = 83688E4F269618B20054D543 /* Category.storyboard */; };
		83688E5426962CCA0054D543 /* CategoryDetailTableViewController.swift in Sources */ = {isa = PBXBuildFile; fileRef = 83688E5326962CCA0054D543 /* CategoryDetailTableViewController.swift */; };
		83CFBB5726910DA0002558B4 /* Constans.swift in Sources */ = {isa = PBXBuildFile; fileRef = 83CFBB5626910DA0002558B4 /* Constans.swift */; };
		83E329A9268C5DFD00F0846D /* LoginViewController.swift in Sources */ = {isa = PBXBuildFile; fileRef = 83E329A8268C5DFD00F0846D /* LoginViewController.swift */; };
		83E329AB268C668700F0846D /* CustomTextField.swift in Sources */ = {isa = PBXBuildFile; fileRef = 83E329AA268C668700F0846D /* CustomTextField.swift */; };
		83E329AD268C68DA00F0846D /* SignUpViewController.swift in Sources */ = {isa = PBXBuildFile; fileRef = 83E329AC268C68DA00F0846D /* SignUpViewController.swift */; };
		83E9E7A6268C6F6000023D2F /* CustomNavigationController.swift in Sources */ = {isa = PBXBuildFile; fileRef = 83E9E7A5268C6F5F00023D2F /* CustomNavigationController.swift */; };
		83E9E7AF268C7E4E00023D2F /* Assets.xcassets in Resources */ = {isa = PBXBuildFile; fileRef = 83E9E7AE268C7E4E00023D2F /* Assets.xcassets */; };
		83E9E7B1268C82AD00023D2F /* ic_arrow_back.png in Resources */ = {isa = PBXBuildFile; fileRef = 83E9E7B0268C82AD00023D2F /* ic_arrow_back.png */; };
		83E9E7B4268C8C4D00023D2F /* flavor_icons in Resources */ = {isa = PBXBuildFile; fileRef = 83E9E7B3268C8C4D00023D2F /* flavor_icons */; };
		83E9E7B6268C8FA400023D2F /* HomeTableViewController.swift in Sources */ = {isa = PBXBuildFile; fileRef = 83E9E7B5268C8FA400023D2F /* HomeTableViewController.swift */; };
		83E9E7B8268C8FF700023D2F /* CategoryTableViewController.swift in Sources */ = {isa = PBXBuildFile; fileRef = 83E9E7B7268C8FF700023D2F /* CategoryTableViewController.swift */; };
		83E9E7BA268C904E00023D2F /* FavoritesTableViewController.swift in Sources */ = {isa = PBXBuildFile; fileRef = 83E9E7B9268C904E00023D2F /* FavoritesTableViewController.swift */; };
		83E9E7BE268C92E600023D2F /* BigPicture.storyboard in Resources */ = {isa = PBXBuildFile; fileRef = 83E9E7BD268C92E600023D2F /* BigPicture.storyboard */; };
		83E9E7C1268C95ED00023D2F /* TapBarMenu.storyboard in Resources */ = {isa = PBXBuildFile; fileRef = 83E9E7BF268C95ED00023D2F /* TapBarMenu.storyboard */; };
		83E9E7C5268C986D00023D2F /* Home.storyboard in Resources */ = {isa = PBXBuildFile; fileRef = 83E9E7C3268C986D00023D2F /* Home.storyboard */; };
		83E9E7CC268C9AA000023D2F /* Favorites.storyboard in Resources */ = {isa = PBXBuildFile; fileRef = 83E9E7CA268C9AA000023D2F /* Favorites.storyboard */; };
		83E9E7D3268CC7CE00023D2F /* RecipeCell.swift in Sources */ = {isa = PBXBuildFile; fileRef = 83E9E7D2268CC7CE00023D2F /* RecipeCell.swift */; };
		83E9E7D5268CC7F700023D2F /* RecipeCell.xib in Resources */ = {isa = PBXBuildFile; fileRef = 83E9E7D4268CC7F700023D2F /* RecipeCell.xib */; };
		83E9E7DB268CDB2B00023D2F /* ShadowView.swift in Sources */ = {isa = PBXBuildFile; fileRef = 83E9E7DA268CDB2B00023D2F /* ShadowView.swift */; };
/* End PBXBuildFile section */

/* Begin PBXFileReference section */
		830F714D26946CDC00D84D67 /* RecipeDescriptionCell.swift */ = {isa = PBXFileReference; lastKnownFileType = sourcecode.swift; path = RecipeDescriptionCell.swift; sourceTree = "<group>"; };
		830F714E26946CDC00D84D67 /* RecipeDescriptionCell.xib */ = {isa = PBXFileReference; lastKnownFileType = file.xib; path = RecipeDescriptionCell.xib; sourceTree = "<group>"; };
		830F715126947F7800D84D67 /* RecipeIngredientsCell.swift */ = {isa = PBXFileReference; lastKnownFileType = sourcecode.swift; path = RecipeIngredientsCell.swift; sourceTree = "<group>"; };
		830F715226947F7800D84D67 /* RecipeIngredientsCell.xib */ = {isa = PBXFileReference; lastKnownFileType = file.xib; path = RecipeIngredientsCell.xib; sourceTree = "<group>"; };
		830F7155269484B200D84D67 /* RecipeInstructionsCell.swift */ = {isa = PBXFileReference; lastKnownFileType = sourcecode.swift; path = RecipeInstructionsCell.swift; sourceTree = "<group>"; };
		830F7156269484B200D84D67 /* RecipeInstructionsCell.xib */ = {isa = PBXFileReference; lastKnownFileType = file.xib; path = RecipeInstructionsCell.xib; sourceTree = "<group>"; };
		831A7D142691C84600B8DF6E /* NetworkProcessor.swift */ = {isa = PBXFileReference; lastKnownFileType = sourcecode.swift; path = NetworkProcessor.swift; sourceTree = "<group>"; };
		8328DFC726944A62002D23C1 /* RecipeDetail.storyboard */ = {isa = PBXFileReference; lastKnownFileType = file.storyboard; path = RecipeDetail.storyboard; sourceTree = "<group>"; };
		8328DFCA26944AA5002D23C1 /* RecipeDetailViewController.swift */ = {isa = PBXFileReference; lastKnownFileType = sourcecode.swift; path = RecipeDetailViewController.swift; sourceTree = "<group>"; };
		832A83D62691A18900904C09 /* Base */ = {isa = PBXFileReference; lastKnownFileType = file.storyboard; name = Base; path = "Tasty-Recipe/Storyboard/Tasty-Recipe/Base.lproj/NewRecipe.storyboard"; sourceTree = "<group>"; };
		832A83D92691A37D00904C09 /* NewRecipeTableViewController.swift */ = {isa = PBXFileReference; lastKnownFileType = sourcecode.swift; path = NewRecipeTableViewController.swift; sourceTree = "<group>"; };
		832A83DB2691AF5400904C09 /* Recipe.swift */ = {isa = PBXFileReference; lastKnownFileType = sourcecode.swift; path = Recipe.swift; sourceTree = "<group>"; };
		83343907269C1BED00E6F718 /* tasty@2x.png */ = {isa = PBXFileReference; lastKnownFileType = image.png; path = "tasty@2x.png"; sourceTree = "<group>"; };
		83343909269C1BF400E6F718 /* tasty@3x.png */ = {isa = PBXFileReference; lastKnownFileType = image.png; path = "tasty@3x.png"; sourceTree = "<group>"; };
		8334390B269C21AF00E6F718 /* AppIconSerice.swift */ = {isa = PBXFileReference; lastKnownFileType = sourcecode.swift; path = AppIconSerice.swift; sourceTree = "<group>"; };
		8334390D269C2D6A00E6F718 /* CategoryCell.swift */ = {isa = PBXFileReference; lastKnownFileType = sourcecode.swift; path = CategoryCell.swift; sourceTree = "<group>"; };
		8334390E269C2D6A00E6F718 /* CategoryCell.xib */ = {isa = PBXFileReference; lastKnownFileType = file.xib; path = CategoryCell.xib; sourceTree = "<group>"; };
		834B43D8268B34C50080B4A7 /* Tasty-Recipe.app */ = {isa = PBXFileReference; explicitFileType = wrapper.application; includeInIndex = 0; path = "Tasty-Recipe.app"; sourceTree = BUILT_PRODUCTS_DIR; };
		834B43DB268B34C50080B4A7 /* AppDelegate.swift */ = {isa = PBXFileReference; lastKnownFileType = sourcecode.swift; path = AppDelegate.swift; sourceTree = "<group>"; };
		834B43DD268B34C50080B4A7 /* SceneDelegate.swift */ = {isa = PBXFileReference; lastKnownFileType = sourcecode.swift; path = SceneDelegate.swift; sourceTree = "<group>"; };
		834B43E2268B34C50080B4A7 /* Base */ = {isa = PBXFileReference; lastKnownFileType = file.storyboard; name = Base; path = Base.lproj/Main.storyboard; sourceTree = "<group>"; };
		834B43E7268B34C60080B4A7 /* Base */ = {isa = PBXFileReference; lastKnownFileType = file.storyboard; name = Base; path = Base.lproj/LaunchScreen.storyboard; sourceTree = "<group>"; };
		834B43E9268B34C60080B4A7 /* Info.plist */ = {isa = PBXFileReference; lastKnownFileType = text.plist.xml; path = Info.plist; sourceTree = "<group>"; };
		834B43F0268B3D830080B4A7 /* CustomColor.swift */ = {isa = PBXFileReference; lastKnownFileType = sourcecode.swift; path = CustomColor.swift; sourceTree = "<group>"; };
		834B43F3268B44560080B4A7 /* LoginSignUpViewController.swift */ = {isa = PBXFileReference; lastKnownFileType = sourcecode.swift; path = LoginSignUpViewController.swift; sourceTree = "<group>"; };
		834B43F5268B54F30080B4A7 /* CustomButton.swift */ = {isa = PBXFileReference; lastKnownFileType = sourcecode.swift; path = CustomButton.swift; sourceTree = "<group>"; };
		834B43F7268B5A2D0080B4A7 /* CustomLabel.swift */ = {isa = PBXFileReference; lastKnownFileType = sourcecode.swift; path = CustomLabel.swift; sourceTree = "<group>"; };
		8354F9B6268F21D5007C8AA7 /* GoogleService-Info.plist */ = {isa = PBXFileReference; fileEncoding = 4; lastKnownFileType = text.plist.xml; path = "GoogleService-Info.plist"; sourceTree = "<group>"; };
		83688E4B2695E93A0054D543 /* Manager.swift */ = {isa = PBXFileReference; lastKnownFileType = sourcecode.swift; path = Manager.swift; sourceTree = "<group>"; };
		83688E4F269618B20054D543 /* Category.storyboard */ = {isa = PBXFileReference; fileEncoding = 4; lastKnownFileType = file.storyboard; path = Category.storyboard; sourceTree = "<group>"; };
		83688E5326962CCA0054D543 /* CategoryDetailTableViewController.swift */ = {isa = PBXFileReference; lastKnownFileType = sourcecode.swift; path = CategoryDetailTableViewController.swift; sourceTree = "<group>"; };
		83CFBB5626910DA0002558B4 /* Constans.swift */ = {isa = PBXFileReference; lastKnownFileType = sourcecode.swift; path = Constans.swift; sourceTree = "<group>"; };
		83E329A8268C5DFD00F0846D /* LoginViewController.swift */ = {isa = PBXFileReference; lastKnownFileType = sourcecode.swift; path = LoginViewController.swift; sourceTree = "<group>"; };
		83E329AA268C668700F0846D /* CustomTextField.swift */ = {isa = PBXFileReference; lastKnownFileType = sourcecode.swift; path = CustomTextField.swift; sourceTree = "<group>"; };
		83E329AC268C68DA00F0846D /* SignUpViewController.swift */ = {isa = PBXFileReference; lastKnownFileType = sourcecode.swift; path = SignUpViewController.swift; sourceTree = "<group>"; };
		83E9E7A5268C6F5F00023D2F /* CustomNavigationController.swift */ = {isa = PBXFileReference; lastKnownFileType = sourcecode.swift; path = CustomNavigationController.swift; sourceTree = "<group>"; };
		83E9E7AE268C7E4E00023D2F /* Assets.xcassets */ = {isa = PBXFileReference; lastKnownFileType = folder.assetcatalog; path = Assets.xcassets; sourceTree = "<group>"; };
		83E9E7B0268C82AD00023D2F /* ic_arrow_back.png */ = {isa = PBXFileReference; lastKnownFileType = image.png; path = ic_arrow_back.png; sourceTree = "<group>"; };
		83E9E7B3268C8C4D00023D2F /* flavor_icons */ = {isa = PBXFileReference; lastKnownFileType = folder; path = flavor_icons; sourceTree = "<group>"; };
		83E9E7B5268C8FA400023D2F /* HomeTableViewController.swift */ = {isa = PBXFileReference; lastKnownFileType = sourcecode.swift; path = HomeTableViewController.swift; sourceTree = "<group>"; };
		83E9E7B7268C8FF700023D2F /* CategoryTableViewController.swift */ = {isa = PBXFileReference; lastKnownFileType = sourcecode.swift; path = CategoryTableViewController.swift; sourceTree = "<group>"; };
		83E9E7B9268C904E00023D2F /* FavoritesTableViewController.swift */ = {isa = PBXFileReference; lastKnownFileType = sourcecode.swift; path = FavoritesTableViewController.swift; sourceTree = "<group>"; };
		83E9E7BD268C92E600023D2F /* BigPicture.storyboard */ = {isa = PBXFileReference; lastKnownFileType = file.storyboard; path = BigPicture.storyboard; sourceTree = "<group>"; };
		83E9E7C0268C95ED00023D2F /* Base */ = {isa = PBXFileReference; lastKnownFileType = file.storyboard; name = Base; path = "Tasty-Recipe/Base.lproj/TapBarMenu.storyboard"; sourceTree = "<group>"; };
		83E9E7C4268C986D00023D2F /* Base */ = {isa = PBXFileReference; lastKnownFileType = file.storyboard; name = Base; path = "Tasty-Recipe/Storyboard/Tasty-Recipe/Base.lproj/Home.storyboard"; sourceTree = "<group>"; };
		83E9E7CB268C9AA000023D2F /* Base */ = {isa = PBXFileReference; lastKnownFileType = file.storyboard; name = Base; path = "Tasty-Recipe/Storyboard/Tasty-Recipe/Base.lproj/Favorites.storyboard"; sourceTree = "<group>"; };
		83E9E7D2268CC7CE00023D2F /* RecipeCell.swift */ = {isa = PBXFileReference; lastKnownFileType = sourcecode.swift; path = RecipeCell.swift; sourceTree = "<group>"; };
		83E9E7D4268CC7F700023D2F /* RecipeCell.xib */ = {isa = PBXFileReference; lastKnownFileType = file.xib; path = RecipeCell.xib; sourceTree = "<group>"; };
		83E9E7DA268CDB2B00023D2F /* ShadowView.swift */ = {isa = PBXFileReference; lastKnownFileType = sourcecode.swift; path = ShadowView.swift; sourceTree = "<group>"; };
/* End PBXFileReference section */

/* Begin PBXFrameworksBuildPhase section */
		834B43D5268B34C50080B4A7 /* Frameworks */ = {
			isa = PBXFrameworksBuildPhase;
			buildActionMask = 2147483647;
			files = (
				834C5558269AD46C003361C3 /* FirebaseDatabase in Frameworks */,
				834C5550269AD46C003361C3 /* FirebaseAnalytics in Frameworks */,
				834C5556269AD46C003361C3 /* FirebaseFirestore in Frameworks */,
				834C5554269AD46C003361C3 /* FirebaseAuth in Frameworks */,
				834C5552269AD46C003361C3 /* FirebaseStorage in Frameworks */,
			);
			runOnlyForDeploymentPostprocessing = 0;
		};
/* End PBXFrameworksBuildPhase section */

/* Begin PBXGroup section */
		8328DFC926944A77002D23C1 /* RecipeDetail */ = {
			isa = PBXGroup;
			children = (
				8328DFCA26944AA5002D23C1 /* RecipeDetailViewController.swift */,
			);
			path = RecipeDetail;
			sourceTree = "<group>";
		};
		832A83D82691A34500904C09 /* NewRecipe */ = {
			isa = PBXGroup;
			children = (
				832A83D92691A37D00904C09 /* NewRecipeTableViewController.swift */,
			);
			path = NewRecipe;
			sourceTree = "<group>";
		};
		83343904269C1B5600E6F718 /* AppIcons */ = {
			isa = PBXGroup;
			children = (
				83343909269C1BF400E6F718 /* tasty@3x.png */,
				83343907269C1BED00E6F718 /* tasty@2x.png */,
			);
			path = AppIcons;
			sourceTree = "<group>";
		};
		834B43CF268B34C50080B4A7 = {
			isa = PBXGroup;
			children = (
				834B43DA268B34C50080B4A7 /* Tasty-Recipe */,
				834B43D9268B34C50080B4A7 /* Products */,
			);
			sourceTree = "<group>";
		};
		834B43D9268B34C50080B4A7 /* Products */ = {
			isa = PBXGroup;
			children = (
				834B43D8268B34C50080B4A7 /* Tasty-Recipe.app */,
			);
			name = Products;
			sourceTree = "<group>";
		};
		834B43DA268B34C50080B4A7 /* Tasty-Recipe */ = {
			isa = PBXGroup;
			children = (
				83343904269C1B5600E6F718 /* AppIcons */,
				83688E4A2695E8FE0054D543 /* Manager */,
				8328DFC926944A77002D23C1 /* RecipeDetail */,
				832A83D82691A34500904C09 /* NewRecipe */,
				83CFBB5526910D60002558B4 /* Helpers */,
				8354F9B6268F21D5007C8AA7 /* GoogleService-Info.plist */,
				83E9E7D1268CC76300023D2F /* Cells */,
				83E9E7C2268C980A00023D2F /* Storyboard */,
				834B43F2268B43F30080B4A7 /* Main */,
				83E9E7C6268C995F00023D2F /* Home */,
				83E9E7C9268C9A5C00023D2F /* Category */,
				83E9E7CD268C9C1A00023D2F /* Favorites */,
				834B43EF268B3D5D0080B4A7 /* Custom */,
				83E9E7AE268C7E4E00023D2F /* Assets.xcassets */,
				83E9E7B3268C8C4D00023D2F /* flavor_icons */,
				834B43DB268B34C50080B4A7 /* AppDelegate.swift */,
				834B43DD268B34C50080B4A7 /* SceneDelegate.swift */,
				83E9E7BD268C92E600023D2F /* BigPicture.storyboard */,
				834B43E6268B34C60080B4A7 /* LaunchScreen.storyboard */,
				834B43E9268B34C60080B4A7 /* Info.plist */,
				83E9E7B2268C82F900023D2F /* Icons */,
				832A83DB2691AF5400904C09 /* Recipe.swift */,
				831A7D142691C84600B8DF6E /* NetworkProcessor.swift */,
				8334390B269C21AF00E6F718 /* AppIconSerice.swift */,
			);
			path = "Tasty-Recipe";
			sourceTree = "<group>";
		};
		834B43EF268B3D5D0080B4A7 /* Custom */ = {
			isa = PBXGroup;
			children = (
				834B43F0268B3D830080B4A7 /* CustomColor.swift */,
				834B43F5268B54F30080B4A7 /* CustomButton.swift */,
				834B43F7268B5A2D0080B4A7 /* CustomLabel.swift */,
				83E329AA268C668700F0846D /* CustomTextField.swift */,
				83E9E7A5268C6F5F00023D2F /* CustomNavigationController.swift */,
				83E9E7DA268CDB2B00023D2F /* ShadowView.swift */,
			);
			path = Custom;
			sourceTree = "<group>";
		};
		834B43F2268B43F30080B4A7 /* Main */ = {
			isa = PBXGroup;
			children = (
				834B43F3268B44560080B4A7 /* LoginSignUpViewController.swift */,
				83E329A8268C5DFD00F0846D /* LoginViewController.swift */,
				83E329AC268C68DA00F0846D /* SignUpViewController.swift */,
			);
			path = Main;
			sourceTree = "<group>";
		};
		83688E4A2695E8FE0054D543 /* Manager */ = {
			isa = PBXGroup;
			children = (
				83688E4B2695E93A0054D543 /* Manager.swift */,
			);
			path = Manager;
			sourceTree = "<group>";
		};
		83CFBB5526910D60002558B4 /* Helpers */ = {
			isa = PBXGroup;
			children = (
				83CFBB5626910DA0002558B4 /* Constans.swift */,
			);
			path = Helpers;
			sourceTree = "<group>";
		};
		83E9E7B2268C82F900023D2F /* Icons */ = {
			isa = PBXGroup;
			children = (
				83E9E7B0268C82AD00023D2F /* ic_arrow_back.png */,
			);
			path = Icons;
			sourceTree = "<group>";
		};
		83E9E7C2268C980A00023D2F /* Storyboard */ = {
			isa = PBXGroup;
			children = (
				834B43E1268B34C50080B4A7 /* Main.storyboard */,
				83E9E7BF268C95ED00023D2F /* TapBarMenu.storyboard */,
				83E9E7C3268C986D00023D2F /* Home.storyboard */,
				83688E4F269618B20054D543 /* Category.storyboard */,
				832A83D52691A18900904C09 /* NewRecipe.storyboard */,
				83E9E7CA268C9AA000023D2F /* Favorites.storyboard */,
				8328DFC726944A62002D23C1 /* RecipeDetail.storyboard */,
			);
			path = Storyboard;
			sourceTree = "<group>";
		};
		83E9E7C6268C995F00023D2F /* Home */ = {
			isa = PBXGroup;
			children = (
				83E9E7B5268C8FA400023D2F /* HomeTableViewController.swift */,
			);
			path = Home;
			sourceTree = "<group>";
		};
		83E9E7C9268C9A5C00023D2F /* Category */ = {
			isa = PBXGroup;
			children = (
				8334390E269C2D6A00E6F718 /* CategoryCell.xib */,
				8334390D269C2D6A00E6F718 /* CategoryCell.swift */,
				83E9E7B7268C8FF700023D2F /* CategoryTableViewController.swift */,
				83688E5326962CCA0054D543 /* CategoryDetailTableViewController.swift */,
			);
			path = Category;
			sourceTree = "<group>";
		};
		83E9E7CD268C9C1A00023D2F /* Favorites */ = {
			isa = PBXGroup;
			children = (
				83E9E7B9268C904E00023D2F /* FavoritesTableViewController.swift */,
			);
			path = Favorites;
			sourceTree = "<group>";
		};
		83E9E7D1268CC76300023D2F /* Cells */ = {
			isa = PBXGroup;
			children = (
				83E9E7D2268CC7CE00023D2F /* RecipeCell.swift */,
				83E9E7D4268CC7F700023D2F /* RecipeCell.xib */,
				830F714D26946CDC00D84D67 /* RecipeDescriptionCell.swift */,
				830F714E26946CDC00D84D67 /* RecipeDescriptionCell.xib */,
				830F715126947F7800D84D67 /* RecipeIngredientsCell.swift */,
				830F715226947F7800D84D67 /* RecipeIngredientsCell.xib */,
				830F7155269484B200D84D67 /* RecipeInstructionsCell.swift */,
				830F7156269484B200D84D67 /* RecipeInstructionsCell.xib */,
			);
			path = Cells;
			sourceTree = "<group>";
		};
/* End PBXGroup section */

/* Begin PBXNativeTarget section */
		834B43D7268B34C50080B4A7 /* Tasty-Recipe */ = {
			isa = PBXNativeTarget;
			buildConfigurationList = 834B43EC268B34C60080B4A7 /* Build configuration list for PBXNativeTarget "Tasty-Recipe" */;
			buildPhases = (
				834B43D4268B34C50080B4A7 /* Sources */,
				834B43D5268B34C50080B4A7 /* Frameworks */,
				834B43D6268B34C50080B4A7 /* Resources */,
			);
			buildRules = (
			);
			dependencies = (
			);
			name = "Tasty-Recipe";
			packageProductDependencies = (
				834C554F269AD46C003361C3 /* FirebaseAnalytics */,
				834C5551269AD46C003361C3 /* FirebaseStorage */,
				834C5553269AD46C003361C3 /* FirebaseAuth */,
				834C5555269AD46C003361C3 /* FirebaseFirestore */,
				834C5557269AD46C003361C3 /* FirebaseDatabase */,
			);
			productName = "Tasty-Recipe";
			productReference = 834B43D8268B34C50080B4A7 /* Tasty-Recipe.app */;
			productType = "com.apple.product-type.application";
		};
/* End PBXNativeTarget section */

/* Begin PBXProject section */
		834B43D0268B34C50080B4A7 /* Project object */ = {
			isa = PBXProject;
			attributes = {
				LastSwiftUpdateCheck = 1250;
				LastUpgradeCheck = 1250;
				TargetAttributes = {
					834B43D7268B34C50080B4A7 = {
						CreatedOnToolsVersion = 12.5;
					};
				};
			};
			buildConfigurationList = 834B43D3268B34C50080B4A7 /* Build configuration list for PBXProject "Tasty-Recipe" */;
			compatibilityVersion = "Xcode 9.3";
			developmentRegion = en;
			hasScannedForEncodings = 0;
			knownRegions = (
				en,
				Base,
			);
			mainGroup = 834B43CF268B34C50080B4A7;
			packageReferences = (
				834C554E269AD46C003361C3 /* XCRemoteSwiftPackageReference "firebase-ios-sdk" */,
			);
			productRefGroup = 834B43D9268B34C50080B4A7 /* Products */;
			projectDirPath = "";
			projectRoot = "";
			targets = (
				834B43D7268B34C50080B4A7 /* Tasty-Recipe */,
			);
		};
/* End PBXProject section */

/* Begin PBXResourcesBuildPhase section */
		834B43D6268B34C50080B4A7 /* Resources */ = {
			isa = PBXResourcesBuildPhase;
			buildActionMask = 2147483647;
			files = (
				83E9E7AF268C7E4E00023D2F /* Assets.xcassets in Resources */,
				83343910269C2D6A00E6F718 /* CategoryCell.xib in Resources */,
				83E9E7B4268C8C4D00023D2F /* flavor_icons in Resources */,
				83E9E7BE268C92E600023D2F /* BigPicture.storyboard in Resources */,
				834B43E8268B34C60080B4A7 /* LaunchScreen.storyboard in Resources */,
				83E9E7CC268C9AA000023D2F /* Favorites.storyboard in Resources */,
				830F715426947F7800D84D67 /* RecipeIngredientsCell.xib in Resources */,
				83688E50269618B20054D543 /* Category.storyboard in Resources */,
				832A83D72691A18900904C09 /* NewRecipe.storyboard in Resources */,
				83343908269C1BED00E6F718 /* tasty@2x.png in Resources */,
				8328DFC826944A62002D23C1 /* RecipeDetail.storyboard in Resources */,
				83E9E7B1268C82AD00023D2F /* ic_arrow_back.png in Resources */,
				83E9E7D5268CC7F700023D2F /* RecipeCell.xib in Resources */,
				8334390A269C1BF400E6F718 /* tasty@3x.png in Resources */,
				830F715026946CDC00D84D67 /* RecipeDescriptionCell.xib in Resources */,
				83E9E7C1268C95ED00023D2F /* TapBarMenu.storyboard in Resources */,
				8354F9B7268F21D5007C8AA7 /* GoogleService-Info.plist in Resources */,
				830F7158269484B200D84D67 /* RecipeInstructionsCell.xib in Resources */,
				834B43E3268B34C50080B4A7 /* Main.storyboard in Resources */,
				83E9E7C5268C986D00023D2F /* Home.storyboard in Resources */,
			);
			runOnlyForDeploymentPostprocessing = 0;
		};
/* End PBXResourcesBuildPhase section */

/* Begin PBXSourcesBuildPhase section */
		834B43D4268B34C50080B4A7 /* Sources */ = {
			isa = PBXSourcesBuildPhase;
			buildActionMask = 2147483647;
			files = (
				83E9E7D3268CC7CE00023D2F /* RecipeCell.swift in Sources */,
				832A83DA2691A37D00904C09 /* NewRecipeTableViewController.swift in Sources */,
				83E329A9268C5DFD00F0846D /* LoginViewController.swift in Sources */,
				8334390F269C2D6A00E6F718 /* CategoryCell.swift in Sources */,
				83E9E7BA268C904E00023D2F /* FavoritesTableViewController.swift in Sources */,
				83688E5426962CCA0054D543 /* CategoryDetailTableViewController.swift in Sources */,
				83CFBB5726910DA0002558B4 /* Constans.swift in Sources */,
				83E9E7B6268C8FA400023D2F /* HomeTableViewController.swift in Sources */,
				830F7157269484B200D84D67 /* RecipeInstructionsCell.swift in Sources */,
				834B43F4268B44560080B4A7 /* LoginSignUpViewController.swift in Sources */,
				832A83DC2691AF5400904C09 /* Recipe.swift in Sources */,
				83688E4C2695E93A0054D543 /* Manager.swift in Sources */,
				834B43F8268B5A2D0080B4A7 /* CustomLabel.swift in Sources */,
				834B43DC268B34C50080B4A7 /* AppDelegate.swift in Sources */,
				83E329AB268C668700F0846D /* CustomTextField.swift in Sources */,
				834B43F1268B3D830080B4A7 /* CustomColor.swift in Sources */,
				83E9E7A6268C6F6000023D2F /* CustomNavigationController.swift in Sources */,
				83E329AD268C68DA00F0846D /* SignUpViewController.swift in Sources */,
				83E9E7DB268CDB2B00023D2F /* ShadowView.swift in Sources */,
				831A7D152691C84600B8DF6E /* NetworkProcessor.swift in Sources */,
				8328DFCB26944AA5002D23C1 /* RecipeDetailViewController.swift in Sources */,
				834B43DE268B34C50080B4A7 /* SceneDelegate.swift in Sources */,
				834B43F6268B54F30080B4A7 /* CustomButton.swift in Sources */,
				8334390C269C21AF00E6F718 /* AppIconSerice.swift in Sources */,
				83E9E7B8268C8FF700023D2F /* CategoryTableViewController.swift in Sources */,
				830F714F26946CDC00D84D67 /* RecipeDescriptionCell.swift in Sources */,
				830F715326947F7800D84D67 /* RecipeIngredientsCell.swift in Sources */,
			);
			runOnlyForDeploymentPostprocessing = 0;
		};
/* End PBXSourcesBuildPhase section */

/* Begin PBXVariantGroup section */
		832A83D52691A18900904C09 /* NewRecipe.storyboard */ = {
			isa = PBXVariantGroup;
			children = (
				832A83D62691A18900904C09 /* Base */,
			);
			name = NewRecipe.storyboard;
			sourceTree = "<group>";
		};
		834B43E1268B34C50080B4A7 /* Main.storyboard */ = {
			isa = PBXVariantGroup;
			children = (
				834B43E2268B34C50080B4A7 /* Base */,
			);
			name = Main.storyboard;
			sourceTree = "<group>";
		};
		834B43E6268B34C60080B4A7 /* LaunchScreen.storyboard */ = {
			isa = PBXVariantGroup;
			children = (
				834B43E7268B34C60080B4A7 /* Base */,
			);
			name = LaunchScreen.storyboard;
			sourceTree = "<group>";
		};
		83E9E7BF268C95ED00023D2F /* TapBarMenu.storyboard */ = {
			isa = PBXVariantGroup;
			children = (
				83E9E7C0268C95ED00023D2F /* Base */,
			);
			name = TapBarMenu.storyboard;
			sourceTree = "<group>";
		};
		83E9E7C3268C986D00023D2F /* Home.storyboard */ = {
			isa = PBXVariantGroup;
			children = (
				83E9E7C4268C986D00023D2F /* Base */,
			);
			name = Home.storyboard;
			sourceTree = "<group>";
		};
		83E9E7CA268C9AA000023D2F /* Favorites.storyboard */ = {
			isa = PBXVariantGroup;
			children = (
				83E9E7CB268C9AA000023D2F /* Base */,
			);
			name = Favorites.storyboard;
			sourceTree = "<group>";
		};
/* End PBXVariantGroup section */

/* Begin XCBuildConfiguration section */
		834B43EA268B34C60080B4A7 /* Debug */ = {
			isa = XCBuildConfiguration;
			buildSettings = {
				ALWAYS_SEARCH_USER_PATHS = NO;
				CLANG_ANALYZER_NONNULL = YES;
				CLANG_ANALYZER_NUMBER_OBJECT_CONVERSION = YES_AGGRESSIVE;
				CLANG_CXX_LANGUAGE_STANDARD = "gnu++14";
				CLANG_CXX_LIBRARY = "libc++";
				CLANG_ENABLE_MODULES = YES;
				CLANG_ENABLE_OBJC_ARC = YES;
				CLANG_ENABLE_OBJC_WEAK = YES;
				CLANG_WARN_BLOCK_CAPTURE_AUTORELEASING = YES;
				CLANG_WARN_BOOL_CONVERSION = YES;
				CLANG_WARN_COMMA = YES;
				CLANG_WARN_CONSTANT_CONVERSION = YES;
				CLANG_WARN_DEPRECATED_OBJC_IMPLEMENTATIONS = YES;
				CLANG_WARN_DIRECT_OBJC_ISA_USAGE = YES_ERROR;
				CLANG_WARN_DOCUMENTATION_COMMENTS = YES;
				CLANG_WARN_EMPTY_BODY = YES;
				CLANG_WARN_ENUM_CONVERSION = YES;
				CLANG_WARN_INFINITE_RECURSION = YES;
				CLANG_WARN_INT_CONVERSION = YES;
				CLANG_WARN_NON_LITERAL_NULL_CONVERSION = YES;
				CLANG_WARN_OBJC_IMPLICIT_RETAIN_SELF = YES;
				CLANG_WARN_OBJC_LITERAL_CONVERSION = YES;
				CLANG_WARN_OBJC_ROOT_CLASS = YES_ERROR;
				CLANG_WARN_QUOTED_INCLUDE_IN_FRAMEWORK_HEADER = YES;
				CLANG_WARN_RANGE_LOOP_ANALYSIS = YES;
				CLANG_WARN_STRICT_PROTOTYPES = YES;
				CLANG_WARN_SUSPICIOUS_MOVE = YES;
				CLANG_WARN_UNGUARDED_AVAILABILITY = YES_AGGRESSIVE;
				CLANG_WARN_UNREACHABLE_CODE = YES;
				CLANG_WARN__DUPLICATE_METHOD_MATCH = YES;
				COPY_PHASE_STRIP = NO;
				DEBUG_INFORMATION_FORMAT = dwarf;
				ENABLE_STRICT_OBJC_MSGSEND = YES;
				ENABLE_TESTABILITY = YES;
				GCC_C_LANGUAGE_STANDARD = gnu11;
				GCC_DYNAMIC_NO_PIC = NO;
				GCC_NO_COMMON_BLOCKS = YES;
				GCC_OPTIMIZATION_LEVEL = 0;
				GCC_PREPROCESSOR_DEFINITIONS = (
					"DEBUG=1",
					"$(inherited)",
				);
				GCC_WARN_64_TO_32_BIT_CONVERSION = YES;
				GCC_WARN_ABOUT_RETURN_TYPE = YES_ERROR;
				GCC_WARN_UNDECLARED_SELECTOR = YES;
				GCC_WARN_UNINITIALIZED_AUTOS = YES_AGGRESSIVE;
				GCC_WARN_UNUSED_FUNCTION = YES;
				GCC_WARN_UNUSED_VARIABLE = YES;
				IPHONEOS_DEPLOYMENT_TARGET = 14.5;
				MTL_ENABLE_DEBUG_INFO = INCLUDE_SOURCE;
				MTL_FAST_MATH = YES;
				ONLY_ACTIVE_ARCH = YES;
				SDKROOT = iphoneos;
				SWIFT_ACTIVE_COMPILATION_CONDITIONS = DEBUG;
				SWIFT_OPTIMIZATION_LEVEL = "-Onone";
			};
			name = Debug;
		};
		834B43EB268B34C60080B4A7 /* Release */ = {
			isa = XCBuildConfiguration;
			buildSettings = {
				ALWAYS_SEARCH_USER_PATHS = NO;
				CLANG_ANALYZER_NONNULL = YES;
				CLANG_ANALYZER_NUMBER_OBJECT_CONVERSION = YES_AGGRESSIVE;
				CLANG_CXX_LANGUAGE_STANDARD = "gnu++14";
				CLANG_CXX_LIBRARY = "libc++";
				CLANG_ENABLE_MODULES = YES;
				CLANG_ENABLE_OBJC_ARC = YES;
				CLANG_ENABLE_OBJC_WEAK = YES;
				CLANG_WARN_BLOCK_CAPTURE_AUTORELEASING = YES;
				CLANG_WARN_BOOL_CONVERSION = YES;
				CLANG_WARN_COMMA = YES;
				CLANG_WARN_CONSTANT_CONVERSION = YES;
				CLANG_WARN_DEPRECATED_OBJC_IMPLEMENTATIONS = YES;
				CLANG_WARN_DIRECT_OBJC_ISA_USAGE = YES_ERROR;
				CLANG_WARN_DOCUMENTATION_COMMENTS = YES;
				CLANG_WARN_EMPTY_BODY = YES;
				CLANG_WARN_ENUM_CONVERSION = YES;
				CLANG_WARN_INFINITE_RECURSION = YES;
				CLANG_WARN_INT_CONVERSION = YES;
				CLANG_WARN_NON_LITERAL_NULL_CONVERSION = YES;
				CLANG_WARN_OBJC_IMPLICIT_RETAIN_SELF = YES;
				CLANG_WARN_OBJC_LITERAL_CONVERSION = YES;
				CLANG_WARN_OBJC_ROOT_CLASS = YES_ERROR;
				CLANG_WARN_QUOTED_INCLUDE_IN_FRAMEWORK_HEADER = YES;
				CLANG_WARN_RANGE_LOOP_ANALYSIS = YES;
				CLANG_WARN_STRICT_PROTOTYPES = YES;
				CLANG_WARN_SUSPICIOUS_MOVE = YES;
				CLANG_WARN_UNGUARDED_AVAILABILITY = YES_AGGRESSIVE;
				CLANG_WARN_UNREACHABLE_CODE = YES;
				CLANG_WARN__DUPLICATE_METHOD_MATCH = YES;
				COPY_PHASE_STRIP = NO;
				DEBUG_INFORMATION_FORMAT = "dwarf-with-dsym";
				ENABLE_NS_ASSERTIONS = NO;
				ENABLE_STRICT_OBJC_MSGSEND = YES;
				GCC_C_LANGUAGE_STANDARD = gnu11;
				GCC_NO_COMMON_BLOCKS = YES;
				GCC_WARN_64_TO_32_BIT_CONVERSION = YES;
				GCC_WARN_ABOUT_RETURN_TYPE = YES_ERROR;
				GCC_WARN_UNDECLARED_SELECTOR = YES;
				GCC_WARN_UNINITIALIZED_AUTOS = YES_AGGRESSIVE;
				GCC_WARN_UNUSED_FUNCTION = YES;
				GCC_WARN_UNUSED_VARIABLE = YES;
				IPHONEOS_DEPLOYMENT_TARGET = 14.5;
				MTL_ENABLE_DEBUG_INFO = NO;
				MTL_FAST_MATH = YES;
				SDKROOT = iphoneos;
				SWIFT_COMPILATION_MODE = wholemodule;
				SWIFT_OPTIMIZATION_LEVEL = "-O";
				VALIDATE_PRODUCT = YES;
			};
			name = Release;
		};
		834B43ED268B34C60080B4A7 /* Debug */ = {
			isa = XCBuildConfiguration;
			buildSettings = {
				ASSETCATALOG_COMPILER_APPICON_NAME = AppIcon;
				ASSETCATALOG_COMPILER_GLOBAL_ACCENT_COLOR_NAME = AccentColor;
				CODE_SIGN_STYLE = Automatic;
				INFOPLIST_FILE = "Tasty-Recipe/Info.plist";
				LD_RUNPATH_SEARCH_PATHS = (
					"$(inherited)",
					"@executable_path/Frameworks",
				);
				PRODUCT_BUNDLE_IDENTIFIER = "com.guy.test.Tasty-Recipe";
				PRODUCT_NAME = "$(TARGET_NAME)";
				SWIFT_VERSION = 5.0;
				TARGETED_DEVICE_FAMILY = "1,2";
			};
			name = Debug;
		};
		834B43EE268B34C60080B4A7 /* Release */ = {
			isa = XCBuildConfiguration;
			buildSettings = {
				ASSETCATALOG_COMPILER_APPICON_NAME = AppIcon;
				ASSETCATALOG_COMPILER_GLOBAL_ACCENT_COLOR_NAME = AccentColor;
				CODE_SIGN_STYLE = Automatic;
				INFOPLIST_FILE = "Tasty-Recipe/Info.plist";
				LD_RUNPATH_SEARCH_PATHS = (
					"$(inherited)",
					"@executable_path/Frameworks",
				);
				PRODUCT_BUNDLE_IDENTIFIER = "com.guy.test.Tasty-Recipe";
				PRODUCT_NAME = "$(TARGET_NAME)";
				SWIFT_VERSION = 5.0;
				TARGETED_DEVICE_FAMILY = "1,2";
			};
			name = Release;
		};
/* End XCBuildConfiguration section */

/* Begin XCConfigurationList section */
		834B43D3268B34C50080B4A7 /* Build configuration list for PBXProject "Tasty-Recipe" */ = {
			isa = XCConfigurationList;
			buildConfigurations = (
				834B43EA268B34C60080B4A7 /* Debug */,
				834B43EB268B34C60080B4A7 /* Release */,
			);
			defaultConfigurationIsVisible = 0;
			defaultConfigurationName = Release;
		};
		834B43EC268B34C60080B4A7 /* Build configuration list for PBXNativeTarget "Tasty-Recipe" */ = {
			isa = XCConfigurationList;
			buildConfigurations = (
				834B43ED268B34C60080B4A7 /* Debug */,
				834B43EE268B34C60080B4A7 /* Release */,
			);
			defaultConfigurationIsVisible = 0;
			defaultConfigurationName = Release;
		};
/* End XCConfigurationList section */

/* Begin XCRemoteSwiftPackageReference section */
		834C554E269AD46C003361C3 /* XCRemoteSwiftPackageReference "firebase-ios-sdk" */ = {
			isa = XCRemoteSwiftPackageReference;
			repositoryURL = "https://github.com/firebase/firebase-ios-sdk.git";
			requirement = {
				kind = upToNextMajorVersion;
				minimumVersion = 8.3.0;
			};
		};
/* End XCRemoteSwiftPackageReference section */

/* Begin XCSwiftPackageProductDependency section */
		834C554F269AD46C003361C3 /* FirebaseAnalytics */ = {
			isa = XCSwiftPackageProductDependency;
			package = 834C554E269AD46C003361C3 /* XCRemoteSwiftPackageReference "firebase-ios-sdk" */;
			productName = FirebaseAnalytics;
		};
		834C5551269AD46C003361C3 /* FirebaseStorage */ = {
			isa = XCSwiftPackageProductDependency;
			package = 834C554E269AD46C003361C3 /* XCRemoteSwiftPackageReference "firebase-ios-sdk" */;
			productName = FirebaseStorage;
		};
		834C5553269AD46C003361C3 /* FirebaseAuth */ = {
			isa = XCSwiftPackageProductDependency;
			package = 834C554E269AD46C003361C3 /* XCRemoteSwiftPackageReference "firebase-ios-sdk" */;
			productName = FirebaseAuth;
		};
		834C5555269AD46C003361C3 /* FirebaseFirestore */ = {
			isa = XCSwiftPackageProductDependency;
			package = 834C554E269AD46C003361C3 /* XCRemoteSwiftPackageReference "firebase-ios-sdk" */;
			productName = FirebaseFirestore;
		};
		834C5557269AD46C003361C3 /* FirebaseDatabase */ = {
			isa = XCSwiftPackageProductDependency;
			package = 834C554E269AD46C003361C3 /* XCRemoteSwiftPackageReference "firebase-ios-sdk" */;
			productName = FirebaseDatabase;
		};
/* End XCSwiftPackageProductDependency section */
	};
	rootObject = 834B43D0268B34C50080B4A7 /* Project object */;
}
