// !$*UTF8*$!
{
	archiveVersion = 1;
	classes = {
	};
	objectVersion = 52;
	objects = {

/* Begin PBXBuildFile section */
		834B43DC268B34C50080B4A7 /* AppDelegate.swift in Sources */ = {isa = PBXBuildFile; fileRef = 834B43DB268B34C50080B4A7 /* AppDelegate.swift */; };
		834B43DE268B34C50080B4A7 /* SceneDelegate.swift in Sources */ = {isa = PBXBuildFile; fileRef = 834B43DD268B34C50080B4A7 /* SceneDelegate.swift */; };
		834B43E3268B34C50080B4A7 /* Main.storyboard in Resources */ = {isa = PBXBuildFile; fileRef = 834B43E1268B34C50080B4A7 /* Main.storyboard */; };
		834B43E8268B34C60080B4A7 /* LaunchScreen.storyboard in Resources */ = {isa = PBXBuildFile; fileRef = 834B43E6268B34C60080B4A7 /* LaunchScreen.storyboard */; };
		834B43F1268B3D830080B4A7 /* CustomColor.swift in Sources */ = {isa = PBXBuildFile; fileRef = 834B43F0268B3D830080B4A7 /* CustomColor.swift */; };
		834B43F4268B44560080B4A7 /* LoginSignUpViewController.swift in Sources */ = {isa = PBXBuildFile; fileRef = 834B43F3268B44560080B4A7 /* LoginSignUpViewController.swift */; };
		834B43F6268B54F30080B4A7 /* CustomButton.swift in Sources */ = {isa = PBXBuildFile; fileRef = 834B43F5268B54F30080B4A7 /* CustomButton.swift */; };
		834B43F8268B5A2D0080B4A7 /* CustomLabel.swift in Sources */ = {isa = PBXBuildFile; fileRef = 834B43F7268B5A2D0080B4A7 /* CustomLabel.swift */; };
		8354F9AD268F21A1007C8AA7 /* FirebaseAnalytics in Frameworks */ = {isa = PBXBuildFile; productRef = 8354F9AC268F21A1007C8AA7 /* FirebaseAnalytics */; };
		8354F9AF268F21A1007C8AA7 /* FirebaseStorage in Frameworks */ = {isa = PBXBuildFile; productRef = 8354F9AE268F21A1007C8AA7 /* FirebaseStorage */; };
		8354F9B1268F21A1007C8AA7 /* FirebaseAuth in Frameworks */ = {isa = PBXBuildFile; productRef = 8354F9B0268F21A1007C8AA7 /* FirebaseAuth */; };
		8354F9B3268F21A1007C8AA7 /* FirebaseFirestore in Frameworks */ = {isa = PBXBuildFile; productRef = 8354F9B2268F21A1007C8AA7 /* FirebaseFirestore */; };
		8354F9B5268F21A1007C8AA7 /* FirebaseDatabase in Frameworks */ = {isa = PBXBuildFile; productRef = 8354F9B4268F21A1007C8AA7 /* FirebaseDatabase */; };
		8354F9B7268F21D5007C8AA7 /* GoogleService-Info.plist in Resources */ = {isa = PBXBuildFile; fileRef = 8354F9B6268F21D5007C8AA7 /* GoogleService-Info.plist */; };
		839CF433268DB85F00E5A17D /* FeatureCell.swift in Sources */ = {isa = PBXBuildFile; fileRef = 839CF432268DB85F00E5A17D /* FeatureCell.swift */; };
		839CF435268DB89000E5A17D /* FeatureCell.xib in Resources */ = {isa = PBXBuildFile; fileRef = 839CF434268DB89000E5A17D /* FeatureCell.xib */; };
		83E329A9268C5DFD00F0846D /* LoginViewController.swift in Sources */ = {isa = PBXBuildFile; fileRef = 83E329A8268C5DFD00F0846D /* LoginViewController.swift */; };
		83E329AB268C668700F0846D /* CustomTextField.swift in Sources */ = {isa = PBXBuildFile; fileRef = 83E329AA268C668700F0846D /* CustomTextField.swift */; };
		83E329AD268C68DA00F0846D /* SignUpViewController.swift in Sources */ = {isa = PBXBuildFile; fileRef = 83E329AC268C68DA00F0846D /* SignUpViewController.swift */; };
		83E6A0B3268DCBC7004C5438 /* HeaderView.swift in Sources */ = {isa = PBXBuildFile; fileRef = 83E6A0B2268DCBC7004C5438 /* HeaderView.swift */; };
		83E6A0B5268DCC8D004C5438 /* HeaderView.xib in Resources */ = {isa = PBXBuildFile; fileRef = 83E6A0B4268DCC8D004C5438 /* HeaderView.xib */; };
		83E6A0B7268DD8EC004C5438 /* FeaturedCollectionCell.swift in Sources */ = {isa = PBXBuildFile; fileRef = 83E6A0B6268DD8EC004C5438 /* FeaturedCollectionCell.swift */; };
		83E6A0B9268DD90D004C5438 /* FeaturedCollectionCell.xib in Resources */ = {isa = PBXBuildFile; fileRef = 83E6A0B8268DD90D004C5438 /* FeaturedCollectionCell.xib */; };
		83E6A0BB268DE55D004C5438 /* CategoryCell.swift in Sources */ = {isa = PBXBuildFile; fileRef = 83E6A0BA268DE55D004C5438 /* CategoryCell.swift */; };
		83E9E7A6268C6F6000023D2F /* CustomNavigationController.swift in Sources */ = {isa = PBXBuildFile; fileRef = 83E9E7A5268C6F5F00023D2F /* CustomNavigationController.swift */; };
		83E9E7AF268C7E4E00023D2F /* Assets.xcassets in Resources */ = {isa = PBXBuildFile; fileRef = 83E9E7AE268C7E4E00023D2F /* Assets.xcassets */; };
		83E9E7B1268C82AD00023D2F /* ic_arrow_back.png in Resources */ = {isa = PBXBuildFile; fileRef = 83E9E7B0268C82AD00023D2F /* ic_arrow_back.png */; };
		83E9E7B4268C8C4D00023D2F /* flavor_icons in Resources */ = {isa = PBXBuildFile; fileRef = 83E9E7B3268C8C4D00023D2F /* flavor_icons */; };
		83E9E7B6268C8FA400023D2F /* HomeTableViewController.swift in Sources */ = {isa = PBXBuildFile; fileRef = 83E9E7B5268C8FA400023D2F /* HomeTableViewController.swift */; };
		83E9E7B8268C8FF700023D2F /* CategoryTableViewController.swift in Sources */ = {isa = PBXBuildFile; fileRef = 83E9E7B7268C8FF700023D2F /* CategoryTableViewController.swift */; };
		83E9E7BA268C904E00023D2F /* FavoritesTableViewController.swift in Sources */ = {isa = PBXBuildFile; fileRef = 83E9E7B9268C904E00023D2F /* FavoritesTableViewController.swift */; };
		83E9E7BC268C909100023D2F /* ProfileViewController.swift in Sources */ = {isa = PBXBuildFile; fileRef = 83E9E7BB268C909100023D2F /* ProfileViewController.swift */; };
		83E9E7BE268C92E600023D2F /* BigPicture.storyboard in Resources */ = {isa = PBXBuildFile; fileRef = 83E9E7BD268C92E600023D2F /* BigPicture.storyboard */; };
		83E9E7C1268C95ED00023D2F /* TapBarMenu.storyboard in Resources */ = {isa = PBXBuildFile; fileRef = 83E9E7BF268C95ED00023D2F /* TapBarMenu.storyboard */; };
		83E9E7C5268C986D00023D2F /* Home.storyboard in Resources */ = {isa = PBXBuildFile; fileRef = 83E9E7C3268C986D00023D2F /* Home.storyboard */; };
		83E9E7C8268C99EA00023D2F /* Category.storyboard in Resources */ = {isa = PBXBuildFile; fileRef = 83E9E7C7268C99EA00023D2F /* Category.storyboard */; };
		83E9E7CC268C9AA000023D2F /* Favorites.storyboard in Resources */ = {isa = PBXBuildFile; fileRef = 83E9E7CA268C9AA000023D2F /* Favorites.storyboard */; };
		83E9E7CF268C9C9000023D2F /* Profile.storyboard in Resources */ = {isa = PBXBuildFile; fileRef = 83E9E7CE268C9C9000023D2F /* Profile.storyboard */; };
		83E9E7D3268CC7CE00023D2F /* RecipeCell.swift in Sources */ = {isa = PBXBuildFile; fileRef = 83E9E7D2268CC7CE00023D2F /* RecipeCell.swift */; };
		83E9E7D5268CC7F700023D2F /* RecipeCell.xib in Resources */ = {isa = PBXBuildFile; fileRef = 83E9E7D4268CC7F700023D2F /* RecipeCell.xib */; };
		83E9E7DB268CDB2B00023D2F /* ShadowView.swift in Sources */ = {isa = PBXBuildFile; fileRef = 83E9E7DA268CDB2B00023D2F /* ShadowView.swift */; };
/* End PBXBuildFile section */

/* Begin PBXFileReference section */
		834B43D8268B34C50080B4A7 /* Tasty-Recipe.app */ = {isa = PBXFileReference; explicitFileType = wrapper.application; includeInIndex = 0; path = "Tasty-Recipe.app"; sourceTree = BUILT_PRODUCTS_DIR; };
		834B43DB268B34C50080B4A7 /* AppDelegate.swift */ = {isa = PBXFileReference; lastKnownFileType = sourcecode.swift; path = AppDelegate.swift; sourceTree = "<group>"; };
		834B43DD268B34C50080B4A7 /* SceneDelegate.swift */ = {isa = PBXFileReference; lastKnownFileType = sourcecode.swift; path = SceneDelegate.swift; sourceTree = "<group>"; };
		834B43E2268B34C50080B4A7 /* Base */ = {isa = PBXFileReference; lastKnownFileType = file.storyboard; name = Base; path = Base.lproj/Main.storyboard; sourceTree = "<group>"; };
		834B43E7268B34C60080B4A7 /* Base */ = {isa = PBXFileReference; lastKnownFileType = file.storyboard; name = Base; path = Base.lproj/LaunchScreen.storyboard; sourceTree = "<group>"; };
		834B43E9268B34C60080B4A7 /* Info.plist */ = {isa = PBXFileReference; lastKnownFileType = text.plist.xml; path = Info.plist; sourceTree = "<group>"; };
		834B43F0268B3D830080B4A7 /* CustomColor.swift */ = {isa = PBXFileReference; lastKnownFileType = sourcecode.swift; path = CustomColor.swift; sourceTree = "<group>"; };
		834B43F3268B44560080B4A7 /* LoginSignUpViewController.swift */ = {isa = PBXFileReference; lastKnownFileType = sourcecode.swift; path = LoginSignUpViewController.swift; sourceTree = "<group>"; };
		834B43F5268B54F30080B4A7 /* CustomButton.swift */ = {isa = PBXFileReference; lastKnownFileType = sourcecode.swift; path = CustomButton.swift; sourceTree = "<group>"; };
		834B43F7268B5A2D0080B4A7 /* CustomLabel.swift */ = {isa = PBXFileReference; lastKnownFileType = sourcecode.swift; path = CustomLabel.swift; sourceTree = "<group>"; };
		8354F9B6268F21D5007C8AA7 /* GoogleService-Info.plist */ = {isa = PBXFileReference; fileEncoding = 4; lastKnownFileType = text.plist.xml; path = "GoogleService-Info.plist"; sourceTree = "<group>"; };
		839CF432268DB85F00E5A17D /* FeatureCell.swift */ = {isa = PBXFileReference; lastKnownFileType = sourcecode.swift; path = FeatureCell.swift; sourceTree = "<group>"; };
		839CF434268DB89000E5A17D /* FeatureCell.xib */ = {isa = PBXFileReference; lastKnownFileType = file.xib; path = FeatureCell.xib; sourceTree = "<group>"; };
		83E329A8268C5DFD00F0846D /* LoginViewController.swift */ = {isa = PBXFileReference; lastKnownFileType = sourcecode.swift; path = LoginViewController.swift; sourceTree = "<group>"; };
		83E329AA268C668700F0846D /* CustomTextField.swift */ = {isa = PBXFileReference; lastKnownFileType = sourcecode.swift; path = CustomTextField.swift; sourceTree = "<group>"; };
		83E329AC268C68DA00F0846D /* SignUpViewController.swift */ = {isa = PBXFileReference; lastKnownFileType = sourcecode.swift; path = SignUpViewController.swift; sourceTree = "<group>"; };
		83E6A0B2268DCBC7004C5438 /* HeaderView.swift */ = {isa = PBXFileReference; lastKnownFileType = sourcecode.swift; path = HeaderView.swift; sourceTree = "<group>"; };
		83E6A0B4268DCC8D004C5438 /* HeaderView.xib */ = {isa = PBXFileReference; lastKnownFileType = file.xib; path = HeaderView.xib; sourceTree = "<group>"; };
		83E6A0B6268DD8EC004C5438 /* FeaturedCollectionCell.swift */ = {isa = PBXFileReference; lastKnownFileType = sourcecode.swift; path = FeaturedCollectionCell.swift; sourceTree = "<group>"; };
		83E6A0B8268DD90D004C5438 /* FeaturedCollectionCell.xib */ = {isa = PBXFileReference; lastKnownFileType = file.xib; path = FeaturedCollectionCell.xib; sourceTree = "<group>"; };
		83E6A0BA268DE55D004C5438 /* CategoryCell.swift */ = {isa = PBXFileReference; lastKnownFileType = sourcecode.swift; path = CategoryCell.swift; sourceTree = "<group>"; };
		83E9E7A5268C6F5F00023D2F /* CustomNavigationController.swift */ = {isa = PBXFileReference; lastKnownFileType = sourcecode.swift; path = CustomNavigationController.swift; sourceTree = "<group>"; };
		83E9E7AE268C7E4E00023D2F /* Assets.xcassets */ = {isa = PBXFileReference; lastKnownFileType = folder.assetcatalog; path = Assets.xcassets; sourceTree = "<group>"; };
		83E9E7B0268C82AD00023D2F /* ic_arrow_back.png */ = {isa = PBXFileReference; lastKnownFileType = image.png; path = ic_arrow_back.png; sourceTree = "<group>"; };
		83E9E7B3268C8C4D00023D2F /* flavor_icons */ = {isa = PBXFileReference; lastKnownFileType = folder; path = flavor_icons; sourceTree = "<group>"; };
		83E9E7B5268C8FA400023D2F /* HomeTableViewController.swift */ = {isa = PBXFileReference; lastKnownFileType = sourcecode.swift; path = HomeTableViewController.swift; sourceTree = "<group>"; };
		83E9E7B7268C8FF700023D2F /* CategoryTableViewController.swift */ = {isa = PBXFileReference; lastKnownFileType = sourcecode.swift; path = CategoryTableViewController.swift; sourceTree = "<group>"; };
		83E9E7B9268C904E00023D2F /* FavoritesTableViewController.swift */ = {isa = PBXFileReference; lastKnownFileType = sourcecode.swift; path = FavoritesTableViewController.swift; sourceTree = "<group>"; };
		83E9E7BB268C909100023D2F /* ProfileViewController.swift */ = {isa = PBXFileReference; lastKnownFileType = sourcecode.swift; path = ProfileViewController.swift; sourceTree = "<group>"; };
		83E9E7BD268C92E600023D2F /* BigPicture.storyboard */ = {isa = PBXFileReference; lastKnownFileType = file.storyboard; path = BigPicture.storyboard; sourceTree = "<group>"; };
		83E9E7C0268C95ED00023D2F /* Base */ = {isa = PBXFileReference; lastKnownFileType = file.storyboard; name = Base; path = "Tasty-Recipe/Base.lproj/TapBarMenu.storyboard"; sourceTree = "<group>"; };
		83E9E7C4268C986D00023D2F /* Base */ = {isa = PBXFileReference; lastKnownFileType = file.storyboard; name = Base; path = "Tasty-Recipe/Storyboard/Tasty-Recipe/Base.lproj/Home.storyboard"; sourceTree = "<group>"; };
		83E9E7C7268C99EA00023D2F /* Category.storyboard */ = {isa = PBXFileReference; fileEncoding = 4; lastKnownFileType = file.storyboard; path = Category.storyboard; sourceTree = "<group>"; };
		83E9E7CB268C9AA000023D2F /* Base */ = {isa = PBXFileReference; lastKnownFileType = file.storyboard; name = Base; path = "Tasty-Recipe/Storyboard/Tasty-Recipe/Base.lproj/Favorites.storyboard"; sourceTree = "<group>"; };
		83E9E7CE268C9C9000023D2F /* Profile.storyboard */ = {isa = PBXFileReference; fileEncoding = 4; lastKnownFileType = file.storyboard; path = Profile.storyboard; sourceTree = "<group>"; };
		83E9E7D2268CC7CE00023D2F /* RecipeCell.swift */ = {isa = PBXFileReference; lastKnownFileType = sourcecode.swift; path = RecipeCell.swift; sourceTree = "<group>"; };
		83E9E7D4268CC7F700023D2F /* RecipeCell.xib */ = {isa = PBXFileReference; lastKnownFileType = file.xib; path = RecipeCell.xib; sourceTree = "<group>"; };
		83E9E7DA268CDB2B00023D2F /* ShadowView.swift */ = {isa = PBXFileReference; lastKnownFileType = sourcecode.swift; path = ShadowView.swift; sourceTree = "<group>"; };
/* End PBXFileReference section */

/* Begin PBXFrameworksBuildPhase section */
		834B43D5268B34C50080B4A7 /* Frameworks */ = {
			isa = PBXFrameworksBuildPhase;
			buildActionMask = 2147483647;
			files = (
				8354F9B5268F21A1007C8AA7 /* FirebaseDatabase in Frameworks */,
				8354F9AD268F21A1007C8AA7 /* FirebaseAnalytics in Frameworks */,
				8354F9B3268F21A1007C8AA7 /* FirebaseFirestore in Frameworks */,
				8354F9B1268F21A1007C8AA7 /* FirebaseAuth in Frameworks */,
				8354F9AF268F21A1007C8AA7 /* FirebaseStorage in Frameworks */,
			);
			runOnlyForDeploymentPostprocessing = 0;
		};
/* End PBXFrameworksBuildPhase section */

/* Begin PBXGroup section */
		834B43CF268B34C50080B4A7 = {
			isa = PBXGroup;
			children = (
				834B43DA268B34C50080B4A7 /* Tasty-Recipe */,
				834B43D9268B34C50080B4A7 /* Products */,
			);
			sourceTree = "<group>";
		};
		834B43D9268B34C50080B4A7 /* Products */ = {
			isa = PBXGroup;
			children = (
				834B43D8268B34C50080B4A7 /* Tasty-Recipe.app */,
			);
			name = Products;
			sourceTree = "<group>";
		};
		834B43DA268B34C50080B4A7 /* Tasty-Recipe */ = {
			isa = PBXGroup;
			children = (
				8354F9B6268F21D5007C8AA7 /* GoogleService-Info.plist */,
				83E9E7D1268CC76300023D2F /* Cells */,
				83E9E7C2268C980A00023D2F /* Storyboard */,
				834B43F2268B43F30080B4A7 /* Main */,
				83E9E7C6268C995F00023D2F /* Home */,
				83E9E7C9268C9A5C00023D2F /* Category */,
				83E9E7CD268C9C1A00023D2F /* Favorites */,
				83E9E7D0268C9CF800023D2F /* Profile */,
				834B43EF268B3D5D0080B4A7 /* Custom */,
				83E9E7AE268C7E4E00023D2F /* Assets.xcassets */,
				83E9E7B3268C8C4D00023D2F /* flavor_icons */,
				834B43DB268B34C50080B4A7 /* AppDelegate.swift */,
				834B43DD268B34C50080B4A7 /* SceneDelegate.swift */,
				83E9E7BD268C92E600023D2F /* BigPicture.storyboard */,
				834B43E6268B34C60080B4A7 /* LaunchScreen.storyboard */,
				834B43E9268B34C60080B4A7 /* Info.plist */,
				83E9E7B2268C82F900023D2F /* Icons */,
			);
			path = "Tasty-Recipe";
			sourceTree = "<group>";
		};
		834B43EF268B3D5D0080B4A7 /* Custom */ = {
			isa = PBXGroup;
			children = (
				834B43F0268B3D830080B4A7 /* CustomColor.swift */,
				834B43F5268B54F30080B4A7 /* CustomButton.swift */,
				834B43F7268B5A2D0080B4A7 /* CustomLabel.swift */,
				83E329AA268C668700F0846D /* CustomTextField.swift */,
				83E9E7A5268C6F5F00023D2F /* CustomNavigationController.swift */,
				83E9E7DA268CDB2B00023D2F /* ShadowView.swift */,
			);
			path = Custom;
			sourceTree = "<group>";
		};
		834B43F2268B43F30080B4A7 /* Main */ = {
			isa = PBXGroup;
			children = (
				834B43F3268B44560080B4A7 /* LoginSignUpViewController.swift */,
				83E329A8268C5DFD00F0846D /* LoginViewController.swift */,
				83E329AC268C68DA00F0846D /* SignUpViewController.swift */,
			);
			path = Main;
			sourceTree = "<group>";
		};
		83E9E7B2268C82F900023D2F /* Icons */ = {
			isa = PBXGroup;
			children = (
				83E9E7B0268C82AD00023D2F /* ic_arrow_back.png */,
			);
			path = Icons;
			sourceTree = "<group>";
		};
		83E9E7C2268C980A00023D2F /* Storyboard */ = {
			isa = PBXGroup;
			children = (
				834B43E1268B34C50080B4A7 /* Main.storyboard */,
				83E9E7BF268C95ED00023D2F /* TapBarMenu.storyboard */,
				83E9E7C3268C986D00023D2F /* Home.storyboard */,
				83E9E7C7268C99EA00023D2F /* Category.storyboard */,
				83E9E7CE268C9C9000023D2F /* Profile.storyboard */,
				83E9E7CA268C9AA000023D2F /* Favorites.storyboard */,
			);
			path = Storyboard;
			sourceTree = "<group>";
		};
		83E9E7C6268C995F00023D2F /* Home */ = {
			isa = PBXGroup;
			children = (
				83E9E7B5268C8FA400023D2F /* HomeTableViewController.swift */,
			);
			path = Home;
			sourceTree = "<group>";
		};
		83E9E7C9268C9A5C00023D2F /* Category */ = {
			isa = PBXGroup;
			children = (
				83E9E7B7268C8FF700023D2F /* CategoryTableViewController.swift */,
				83E6A0BA268DE55D004C5438 /* CategoryCell.swift */,
			);
			path = Category;
			sourceTree = "<group>";
		};
		83E9E7CD268C9C1A00023D2F /* Favorites */ = {
			isa = PBXGroup;
			children = (
				83E9E7B9268C904E00023D2F /* FavoritesTableViewController.swift */,
			);
			path = Favorites;
			sourceTree = "<group>";
		};
		83E9E7D0268C9CF800023D2F /* Profile */ = {
			isa = PBXGroup;
			children = (
				83E9E7BB268C909100023D2F /* ProfileViewController.swift */,
			);
			path = Profile;
			sourceTree = "<group>";
		};
		83E9E7D1268CC76300023D2F /* Cells */ = {
			isa = PBXGroup;
			children = (
				83E9E7D2268CC7CE00023D2F /* RecipeCell.swift */,
				83E9E7D4268CC7F700023D2F /* RecipeCell.xib */,
				839CF432268DB85F00E5A17D /* FeatureCell.swift */,
				839CF434268DB89000E5A17D /* FeatureCell.xib */,
				83E6A0B2268DCBC7004C5438 /* HeaderView.swift */,
				83E6A0B4268DCC8D004C5438 /* HeaderView.xib */,
				83E6A0B6268DD8EC004C5438 /* FeaturedCollectionCell.swift */,
				83E6A0B8268DD90D004C5438 /* FeaturedCollectionCell.xib */,
			);
			path = Cells;
			sourceTree = "<group>";
		};
/* End PBXGroup section */

/* Begin PBXNativeTarget section */
		834B43D7268B34C50080B4A7 /* Tasty-Recipe */ = {
			isa = PBXNativeTarget;
			buildConfigurationList = 834B43EC268B34C60080B4A7 /* Build configuration list for PBXNativeTarget "Tasty-Recipe" */;
			buildPhases = (
				834B43D4268B34C50080B4A7 /* Sources */,
				834B43D5268B34C50080B4A7 /* Frameworks */,
				834B43D6268B34C50080B4A7 /* Resources */,
			);
			buildRules = (
			);
			dependencies = (
			);
			name = "Tasty-Recipe";
			packageProductDependencies = (
				8354F9AC268F21A1007C8AA7 /* FirebaseAnalytics */,
				8354F9AE268F21A1007C8AA7 /* FirebaseStorage */,
				8354F9B0268F21A1007C8AA7 /* FirebaseAuth */,
				8354F9B2268F21A1007C8AA7 /* FirebaseFirestore */,
				8354F9B4268F21A1007C8AA7 /* FirebaseDatabase */,
			);
			productName = "Tasty-Recipe";
			productReference = 834B43D8268B34C50080B4A7 /* Tasty-Recipe.app */;
			productType = "com.apple.product-type.application";
		};
/* End PBXNativeTarget section */

/* Begin PBXProject section */
		834B43D0268B34C50080B4A7 /* Project object */ = {
			isa = PBXProject;
			attributes = {
				LastSwiftUpdateCheck = 1250;
				LastUpgradeCheck = 1250;
				TargetAttributes = {
					834B43D7268B34C50080B4A7 = {
						CreatedOnToolsVersion = 12.5;
					};
				};
			};
			buildConfigurationList = 834B43D3268B34C50080B4A7 /* Build configuration list for PBXProject "Tasty-Recipe" */;
			compatibilityVersion = "Xcode 9.3";
			developmentRegion = en;
			hasScannedForEncodings = 0;
			knownRegions = (
				en,
				Base,
			);
			mainGroup = 834B43CF268B34C50080B4A7;
			packageReferences = (
				8354F9AB268F21A1007C8AA7 /* XCRemoteSwiftPackageReference "firebase-ios-sdk" */,
			);
			productRefGroup = 834B43D9268B34C50080B4A7 /* Products */;
			projectDirPath = "";
			projectRoot = "";
			targets = (
				834B43D7268B34C50080B4A7 /* Tasty-Recipe */,
			);
		};
/* End PBXProject section */

/* Begin PBXResourcesBuildPhase section */
		834B43D6268B34C50080B4A7 /* Resources */ = {
			isa = PBXResourcesBuildPhase;
			buildActionMask = 2147483647;
			files = (
				83E9E7AF268C7E4E00023D2F /* Assets.xcassets in Resources */,
				83E9E7CF268C9C9000023D2F /* Profile.storyboard in Resources */,
				83E9E7B4268C8C4D00023D2F /* flavor_icons in Resources */,
				83E9E7BE268C92E600023D2F /* BigPicture.storyboard in Resources */,
				834B43E8268B34C60080B4A7 /* LaunchScreen.storyboard in Resources */,
				83E9E7CC268C9AA000023D2F /* Favorites.storyboard in Resources */,
				83E9E7B1268C82AD00023D2F /* ic_arrow_back.png in Resources */,
				83E9E7D5268CC7F700023D2F /* RecipeCell.xib in Resources */,
				83E9E7C1268C95ED00023D2F /* TapBarMenu.storyboard in Resources */,
				8354F9B7268F21D5007C8AA7 /* GoogleService-Info.plist in Resources */,
				83E9E7C8268C99EA00023D2F /* Category.storyboard in Resources */,
				83E6A0B9268DD90D004C5438 /* FeaturedCollectionCell.xib in Resources */,
				839CF435268DB89000E5A17D /* FeatureCell.xib in Resources */,
				834B43E3268B34C50080B4A7 /* Main.storyboard in Resources */,
				83E9E7C5268C986D00023D2F /* Home.storyboard in Resources */,
				83E6A0B5268DCC8D004C5438 /* HeaderView.xib in Resources */,
			);
			runOnlyForDeploymentPostprocessing = 0;
		};
/* End PBXResourcesBuildPhase section */

/* Begin PBXSourcesBuildPhase section */
		834B43D4268B34C50080B4A7 /* Sources */ = {
			isa = PBXSourcesBuildPhase;
			buildActionMask = 2147483647;
			files = (
				83E9E7D3268CC7CE00023D2F /* RecipeCell.swift in Sources */,
				83E6A0B3268DCBC7004C5438 /* HeaderView.swift in Sources */,
				83E329A9268C5DFD00F0846D /* LoginViewController.swift in Sources */,
				83E9E7BA268C904E00023D2F /* FavoritesTableViewController.swift in Sources */,
				83E6A0B7268DD8EC004C5438 /* FeaturedCollectionCell.swift in Sources */,
				83E9E7B6268C8FA400023D2F /* HomeTableViewController.swift in Sources */,
				834B43F4268B44560080B4A7 /* LoginSignUpViewController.swift in Sources */,
				83E9E7BC268C909100023D2F /* ProfileViewController.swift in Sources */,
				834B43F8268B5A2D0080B4A7 /* CustomLabel.swift in Sources */,
				834B43DC268B34C50080B4A7 /* AppDelegate.swift in Sources */,
				839CF433268DB85F00E5A17D /* FeatureCell.swift in Sources */,
				83E329AB268C668700F0846D /* CustomTextField.swift in Sources */,
				834B43F1268B3D830080B4A7 /* CustomColor.swift in Sources */,
				83E9E7A6268C6F6000023D2F /* CustomNavigationController.swift in Sources */,
				83E329AD268C68DA00F0846D /* SignUpViewController.swift in Sources */,
				83E9E7DB268CDB2B00023D2F /* ShadowView.swift in Sources */,
				834B43DE268B34C50080B4A7 /* SceneDelegate.swift in Sources */,
				834B43F6268B54F30080B4A7 /* CustomButton.swift in Sources */,
				83E9E7B8268C8FF700023D2F /* CategoryTableViewController.swift in Sources */,
				83E6A0BB268DE55D004C5438 /* CategoryCell.swift in Sources */,
			);
			runOnlyForDeploymentPostprocessing = 0;
		};
/* End PBXSourcesBuildPhase section */

/* Begin PBXVariantGroup section */
		834B43E1268B34C50080B4A7 /* Main.storyboard */ = {
			isa = PBXVariantGroup;
			children = (
				834B43E2268B34C50080B4A7 /* Base */,
			);
			name = Main.storyboard;
			sourceTree = "<group>";
		};
		834B43E6268B34C60080B4A7 /* LaunchScreen.storyboard */ = {
			isa = PBXVariantGroup;
			children = (
				834B43E7268B34C60080B4A7 /* Base */,
			);
			name = LaunchScreen.storyboard;
			sourceTree = "<group>";
		};
		83E9E7BF268C95ED00023D2F /* TapBarMenu.storyboard */ = {
			isa = PBXVariantGroup;
			children = (
				83E9E7C0268C95ED00023D2F /* Base */,
			);
			name = TapBarMenu.storyboard;
			sourceTree = "<group>";
		};
		83E9E7C3268C986D00023D2F /* Home.storyboard */ = {
			isa = PBXVariantGroup;
			children = (
				83E9E7C4268C986D00023D2F /* Base */,
			);
			name = Home.storyboard;
			sourceTree = "<group>";
		};
		83E9E7CA268C9AA000023D2F /* Favorites.storyboard */ = {
			isa = PBXVariantGroup;
			children = (
				83E9E7CB268C9AA000023D2F /* Base */,
			);
			name = Favorites.storyboard;
			sourceTree = "<group>";
		};
/* End PBXVariantGroup section */

/* Begin XCBuildConfiguration section */
		834B43EA268B34C60080B4A7 /* Debug */ = {
			isa = XCBuildConfiguration;
			buildSettings = {
				ALWAYS_SEARCH_USER_PATHS = NO;
				CLANG_ANALYZER_NONNULL = YES;
				CLANG_ANALYZER_NUMBER_OBJECT_CONVERSION = YES_AGGRESSIVE;
				CLANG_CXX_LANGUAGE_STANDARD = "gnu++14";
				CLANG_CXX_LIBRARY = "libc++";
				CLANG_ENABLE_MODULES = YES;
				CLANG_ENABLE_OBJC_ARC = YES;
				CLANG_ENABLE_OBJC_WEAK = YES;
				CLANG_WARN_BLOCK_CAPTURE_AUTORELEASING = YES;
				CLANG_WARN_BOOL_CONVERSION = YES;
				CLANG_WARN_COMMA = YES;
				CLANG_WARN_CONSTANT_CONVERSION = YES;
				CLANG_WARN_DEPRECATED_OBJC_IMPLEMENTATIONS = YES;
				CLANG_WARN_DIRECT_OBJC_ISA_USAGE = YES_ERROR;
				CLANG_WARN_DOCUMENTATION_COMMENTS = YES;
				CLANG_WARN_EMPTY_BODY = YES;
				CLANG_WARN_ENUM_CONVERSION = YES;
				CLANG_WARN_INFINITE_RECURSION = YES;
				CLANG_WARN_INT_CONVERSION = YES;
				CLANG_WARN_NON_LITERAL_NULL_CONVERSION = YES;
				CLANG_WARN_OBJC_IMPLICIT_RETAIN_SELF = YES;
				CLANG_WARN_OBJC_LITERAL_CONVERSION = YES;
				CLANG_WARN_OBJC_ROOT_CLASS = YES_ERROR;
				CLANG_WARN_QUOTED_INCLUDE_IN_FRAMEWORK_HEADER = YES;
				CLANG_WARN_RANGE_LOOP_ANALYSIS = YES;
				CLANG_WARN_STRICT_PROTOTYPES = YES;
				CLANG_WARN_SUSPICIOUS_MOVE = YES;
				CLANG_WARN_UNGUARDED_AVAILABILITY = YES_AGGRESSIVE;
				CLANG_WARN_UNREACHABLE_CODE = YES;
				CLANG_WARN__DUPLICATE_METHOD_MATCH = YES;
				COPY_PHASE_STRIP = NO;
				DEBUG_INFORMATION_FORMAT = dwarf;
				ENABLE_STRICT_OBJC_MSGSEND = YES;
				ENABLE_TESTABILITY = YES;
				GCC_C_LANGUAGE_STANDARD = gnu11;
				GCC_DYNAMIC_NO_PIC = NO;
				GCC_NO_COMMON_BLOCKS = YES;
				GCC_OPTIMIZATION_LEVEL = 0;
				GCC_PREPROCESSOR_DEFINITIONS = (
					"DEBUG=1",
					"$(inherited)",
				);
				GCC_WARN_64_TO_32_BIT_CONVERSION = YES;
				GCC_WARN_ABOUT_RETURN_TYPE = YES_ERROR;
				GCC_WARN_UNDECLARED_SELECTOR = YES;
				GCC_WARN_UNINITIALIZED_AUTOS = YES_AGGRESSIVE;
				GCC_WARN_UNUSED_FUNCTION = YES;
				GCC_WARN_UNUSED_VARIABLE = YES;
				IPHONEOS_DEPLOYMENT_TARGET = 14.5;
				MTL_ENABLE_DEBUG_INFO = INCLUDE_SOURCE;
				MTL_FAST_MATH = YES;
				ONLY_ACTIVE_ARCH = YES;
				SDKROOT = iphoneos;
				SWIFT_ACTIVE_COMPILATION_CONDITIONS = DEBUG;
				SWIFT_OPTIMIZATION_LEVEL = "-Onone";
			};
			name = Debug;
		};
		834B43EB268B34C60080B4A7 /* Release */ = {
			isa = XCBuildConfiguration;
			buildSettings = {
				ALWAYS_SEARCH_USER_PATHS = NO;
				CLANG_ANALYZER_NONNULL = YES;
				CLANG_ANALYZER_NUMBER_OBJECT_CONVERSION = YES_AGGRESSIVE;
				CLANG_CXX_LANGUAGE_STANDARD = "gnu++14";
				CLANG_CXX_LIBRARY = "libc++";
				CLANG_ENABLE_MODULES = YES;
				CLANG_ENABLE_OBJC_ARC = YES;
				CLANG_ENABLE_OBJC_WEAK = YES;
				CLANG_WARN_BLOCK_CAPTURE_AUTORELEASING = YES;
				CLANG_WARN_BOOL_CONVERSION = YES;
				CLANG_WARN_COMMA = YES;
				CLANG_WARN_CONSTANT_CONVERSION = YES;
				CLANG_WARN_DEPRECATED_OBJC_IMPLEMENTATIONS = YES;
				CLANG_WARN_DIRECT_OBJC_ISA_USAGE = YES_ERROR;
				CLANG_WARN_DOCUMENTATION_COMMENTS = YES;
				CLANG_WARN_EMPTY_BODY = YES;
				CLANG_WARN_ENUM_CONVERSION = YES;
				CLANG_WARN_INFINITE_RECURSION = YES;
				CLANG_WARN_INT_CONVERSION = YES;
				CLANG_WARN_NON_LITERAL_NULL_CONVERSION = YES;
				CLANG_WARN_OBJC_IMPLICIT_RETAIN_SELF = YES;
				CLANG_WARN_OBJC_LITERAL_CONVERSION = YES;
				CLANG_WARN_OBJC_ROOT_CLASS = YES_ERROR;
				CLANG_WARN_QUOTED_INCLUDE_IN_FRAMEWORK_HEADER = YES;
				CLANG_WARN_RANGE_LOOP_ANALYSIS = YES;
				CLANG_WARN_STRICT_PROTOTYPES = YES;
				CLANG_WARN_SUSPICIOUS_MOVE = YES;
				CLANG_WARN_UNGUARDED_AVAILABILITY = YES_AGGRESSIVE;
				CLANG_WARN_UNREACHABLE_CODE = YES;
				CLANG_WARN__DUPLICATE_METHOD_MATCH = YES;
				COPY_PHASE_STRIP = NO;
				DEBUG_INFORMATION_FORMAT = "dwarf-with-dsym";
				ENABLE_NS_ASSERTIONS = NO;
				ENABLE_STRICT_OBJC_MSGSEND = YES;
				GCC_C_LANGUAGE_STANDARD = gnu11;
				GCC_NO_COMMON_BLOCKS = YES;
				GCC_WARN_64_TO_32_BIT_CONVERSION = YES;
				GCC_WARN_ABOUT_RETURN_TYPE = YES_ERROR;
				GCC_WARN_UNDECLARED_SELECTOR = YES;
				GCC_WARN_UNINITIALIZED_AUTOS = YES_AGGRESSIVE;
				GCC_WARN_UNUSED_FUNCTION = YES;
				GCC_WARN_UNUSED_VARIABLE = YES;
				IPHONEOS_DEPLOYMENT_TARGET = 14.5;
				MTL_ENABLE_DEBUG_INFO = NO;
				MTL_FAST_MATH = YES;
				SDKROOT = iphoneos;
				SWIFT_COMPILATION_MODE = wholemodule;
				SWIFT_OPTIMIZATION_LEVEL = "-O";
				VALIDATE_PRODUCT = YES;
			};
			name = Release;
		};
		834B43ED268B34C60080B4A7 /* Debug */ = {
			isa = XCBuildConfiguration;
			buildSettings = {
				ASSETCATALOG_COMPILER_APPICON_NAME = AppIcon;
				ASSETCATALOG_COMPILER_GLOBAL_ACCENT_COLOR_NAME = AccentColor;
				CODE_SIGN_STYLE = Automatic;
				INFOPLIST_FILE = "Tasty-Recipe/Info.plist";
				LD_RUNPATH_SEARCH_PATHS = (
					"$(inherited)",
					"@executable_path/Frameworks",
				);
				PRODUCT_BUNDLE_IDENTIFIER = "com.guy.test.Tasty-Recipe";
				PRODUCT_NAME = "$(TARGET_NAME)";
				SWIFT_VERSION = 5.0;
				TARGETED_DEVICE_FAMILY = "1,2";
			};
			name = Debug;
		};
		834B43EE268B34C60080B4A7 /* Release */ = {
			isa = XCBuildConfiguration;
			buildSettings = {
				ASSETCATALOG_COMPILER_APPICON_NAME = AppIcon;
				ASSETCATALOG_COMPILER_GLOBAL_ACCENT_COLOR_NAME = AccentColor;
				CODE_SIGN_STYLE = Automatic;
				INFOPLIST_FILE = "Tasty-Recipe/Info.plist";
				LD_RUNPATH_SEARCH_PATHS = (
					"$(inherited)",
					"@executable_path/Frameworks",
				);
				PRODUCT_BUNDLE_IDENTIFIER = "com.guy.test.Tasty-Recipe";
				PRODUCT_NAME = "$(TARGET_NAME)";
				SWIFT_VERSION = 5.0;
				TARGETED_DEVICE_FAMILY = "1,2";
			};
			name = Release;
		};
/* End XCBuildConfiguration section */

/* Begin XCConfigurationList section */
		834B43D3268B34C50080B4A7 /* Build configuration list for PBXProject "Tasty-Recipe" */ = {
			isa = XCConfigurationList;
			buildConfigurations = (
				834B43EA268B34C60080B4A7 /* Debug */,
				834B43EB268B34C60080B4A7 /* Release */,
			);
			defaultConfigurationIsVisible = 0;
			defaultConfigurationName = Release;
		};
		834B43EC268B34C60080B4A7 /* Build configuration list for PBXNativeTarget "Tasty-Recipe" */ = {
			isa = XCConfigurationList;
			buildConfigurations = (
				834B43ED268B34C60080B4A7 /* Debug */,
				834B43EE268B34C60080B4A7 /* Release */,
			);
			defaultConfigurationIsVisible = 0;
			defaultConfigurationName = Release;
		};
/* End XCConfigurationList section */

/* Begin XCRemoteSwiftPackageReference section */
		8354F9AB268F21A1007C8AA7 /* XCRemoteSwiftPackageReference "firebase-ios-sdk" */ = {
			isa = XCRemoteSwiftPackageReference;
			repositoryURL = "https://github.com/firebase/firebase-ios-sdk.git";
			requirement = {
				kind = upToNextMajorVersion;
				minimumVersion = 8.2.0;
			};
		};
/* End XCRemoteSwiftPackageReference section */

/* Begin XCSwiftPackageProductDependency section */
		8354F9AC268F21A1007C8AA7 /* FirebaseAnalytics */ = {
			isa = XCSwiftPackageProductDependency;
			package = 8354F9AB268F21A1007C8AA7 /* XCRemoteSwiftPackageReference "firebase-ios-sdk" */;
			productName = FirebaseAnalytics;
		};
		8354F9AE268F21A1007C8AA7 /* FirebaseStorage */ = {
			isa = XCSwiftPackageProductDependency;
			package = 8354F9AB268F21A1007C8AA7 /* XCRemoteSwiftPackageReference "firebase-ios-sdk" */;
			productName = FirebaseStorage;
		};
		8354F9B0268F21A1007C8AA7 /* FirebaseAuth */ = {
			isa = XCSwiftPackageProductDependency;
			package = 8354F9AB268F21A1007C8AA7 /* XCRemoteSwiftPackageReference "firebase-ios-sdk" */;
			productName = FirebaseAuth;
		};
		8354F9B2268F21A1007C8AA7 /* FirebaseFirestore */ = {
			isa = XCSwiftPackageProductDependency;
			package = 8354F9AB268F21A1007C8AA7 /* XCRemoteSwiftPackageReference "firebase-ios-sdk" */;
			productName = FirebaseFirestore;
		};
		8354F9B4268F21A1007C8AA7 /* FirebaseDatabase */ = {
			isa = XCSwiftPackageProductDependency;
			package = 8354F9AB268F21A1007C8AA7 /* XCRemoteSwiftPackageReference "firebase-ios-sdk" */;
			productName = FirebaseDatabase;
		};
/* End XCSwiftPackageProductDependency section */
	};
	rootObject = 834B43D0268B34C50080B4A7 /* Project object */;
}
